# This file is automatically @generated by Cargo.
# It is not intended for manual editing.
version = 3

[[package]]
name = "interface-rs"
version = "0.2.7"
dependencies = [
 "natord",
]

[[package]]
name = "natord"
version = "1.0.9"
source = "registry+https://github.com/rust-lang/crates.io-index"
checksum = "308d96db8debc727c3fd9744aac51751243420e46edf401010908da7f8d5e57c"
